
Microsoft Visual Studio Solution File, Format Version 10.00
# Visual Studio 2008
Project("{2150E333-8FDC-42A3-9474-1A3956D46DE8}") = "RemoteDesktopAccess", "RemoteDesktopAccess", "{5C4B945D-49AE-4EED-BF37-9D82FD531BBE}"
EndProject
Project("{FAE04EC0-301F-11D3-BF4B-00C04F79EFBC}") = "TW.LiveMeet.DesktopAgent", "TW.LiveMeet.DesktopAgent\TW.LiveMeet.DesktopAgent.csproj", "{571A15FD-725A-4649-9A5E-B37323E83F56}"
EndProject
Project("{FAE04EC0-301F-11D3-BF4B-00C04F79EFBC}") = "TW.LiveMeet.DesktopAgent.Test", "TW.LiveMeet.DesktopAgent.Test\TW.LiveMeet.DesktopAgent.Test.csproj", "{2299B2B4-BCE7-4CB1-A131-5521EFE9D678}"
EndProject
Project("{2150E333-8FDC-42A3-9474-1A3956D46DE8}") = "Common", "Common", "{344896EA-DDA7-4B2F-B69B-C7536E890481}"
EndProject
Project("{FAE04EC0-301F-11D3-BF4B-00C04F79EFBC}") = "TW.H264Coder", "TW.H264Coder\TW.H264Coder.csproj", "{B312942D-E46B-43B1-ABFD-211EF212FD58}"
EndProject
Project("{FAE04EC0-301F-11D3-BF4B-00C04F79EFBC}") = "TW.Core", "TW.Core\TW.Core.csproj", "{A3E4D596-FB0F-4A5C-B125-065B7BF6CA6E}"
EndProject
Project("{FAE04EC0-301F-11D3-BF4B-00C04F79EFBC}") = "TW.Coder", "TW.Coder\TW.Coder.csproj", "{90678E06-B7D1-4823-8B76-3CFC2057AAA5}"
EndProject
Project("{FAE04EC0-301F-11D3-BF4B-00C04F79EFBC}") = "TW.Coder.Test", "TW.Coder.Test\TW.Coder.Test.csproj", "{FEE7BDD6-E1EF-4C8B-95E2-4EC9717ECD5F}"
EndProject
Project("{FAE04EC0-301F-11D3-BF4B-00C04F79EFBC}") = "TW.H264Coder.Test", "TW.H264Coder.Test\TW.H264Coder.Test.csproj", "{A4720E51-1D9F-4CBF-9345-64C7174FAD08}"
EndProject
Project("{FAE04EC0-301F-11D3-BF4B-00C04F79EFBC}") = "TW.StateMachine", "TW.StateMachine\TW.StateMachine.csproj", "{8B65B1BB-18AE-4A64-AB99-CF43F690107F}"
EndProject
Project("{FAE04EC0-301F-11D3-BF4B-00C04F79EFBC}") = "TW.LiveMeet.RDAP", "TW.LiveMeet.RDA\TW.LiveMeet.RDAP.csproj", "{5C9EA122-81C7-4584-A404-6EBF2C5CBDB8}"
EndProject
Project("{FAE04EC0-301F-11D3-BF4B-00C04F79EFBC}") = "TW.LiveMeet.RDAP.Test", "TW.LiveMeet.RDA.Test\TW.LiveMeet.RDAP.Test.csproj", "{AB2F7910-D918-470A-82CA-A3DF8AE0EE46}"
EndProject
Project("{FAE04EC0-301F-11D3-BF4B-00C04F79EFBC}") = "TW.WorkFlowMachine", "TW.WorkFlowMachine\TW.WorkFlowMachine.csproj", "{993248D7-AFE5-4BC2-B260-30542BBBA621}"
EndProject
Project("{FAE04EC0-301F-11D3-BF4B-00C04F79EFBC}") = "TW.Core.Test", "TW.Core.Test\TW.Core.Test.csproj", "{BA9B1DEB-D800-4A4E-8A6B-906A37EC9101}"
EndProject
Project("{2150E333-8FDC-42A3-9474-1A3956D46DE8}") = "MediaServer", "MediaServer", "{4D075853-AE4F-4685-8C8C-50A22F3E8932}"
EndProject
Project("{FAE04EC0-301F-11D3-BF4B-00C04F79EFBC}") = "TW.LiveMeet.SDP", "TW.LiveMeet.SDP\TW.LiveMeet.SDP.csproj", "{48EA7B84-6E55-4DC2-8AA1-A5648719104E}"
EndProject
Project("{FAE04EC0-301F-11D3-BF4B-00C04F79EFBC}") = "TW.LiveMeet.Server.Streaming", "TW.LiveMeet.MediaServer\TW.LiveMeet.Server.Streaming.csproj", "{A250CFDD-8E80-4340-844F-A3D6F1F0B002}"
EndProject
Project("{FAE04EC0-301F-11D3-BF4B-00C04F79EFBC}") = "TW.LiveMeet.Server.Rdap", "TW.LiveMeet.RdapServer\TW.LiveMeet.Server.Rdap.csproj", "{1ACAAE6D-6B49-40A6-9584-A8EA03266932}"
EndProject
Project("{FAE04EC0-301F-11D3-BF4B-00C04F79EFBC}") = "TW.LiveMeet.Server.Media", "TW.LiveMeet.MediaProxyServer\TW.LiveMeet.Server.Media.csproj", "{83BBFA69-27F5-480E-A91B-A5814EEF0098}"
EndProject
Project("{FAE04EC0-301F-11D3-BF4B-00C04F79EFBC}") = "MockServer", "MockServer\MockServer.csproj", "{5DC3DE05-FB3B-4263-9FF1-D08BC0104510}"
EndProject
Project("{FAE04EC0-301F-11D3-BF4B-00C04F79EFBC}") = "MockDesktopStreamingClient", "MockClient\MockDesktopStreamingClient.csproj", "{74629650-C502-4736-AE71-8C8FEEE382C0}"
EndProject
Project("{FAE04EC0-301F-11D3-BF4B-00C04F79EFBC}") = "TW.LiveMeet.Server.Common", "TW.LiveMeet.Common\TW.LiveMeet.Server.Common.csproj", "{112D4831-CEEC-493A-936F-196BDD35AA90}"
EndProject
Project("{FAE04EC0-301F-11D3-BF4B-00C04F79EFBC}") = "TW.LiveMeet.RTP", "TW.LiveMeet.RTP\TW.LiveMeet.RTP.csproj", "{F398FF7C-79C4-4E2D-BE3D-936A1C0ABD59}"
EndProject
Project("{FAE04EC0-301F-11D3-BF4B-00C04F79EFBC}") = "MockDesktopPlayer", "MockDesktopPlayer\MockDesktopPlayer.csproj", "{3C5190C7-E1BF-446A-89E4-80908DEAFFCB}"
EndProject
Project("{FAE04EC0-301F-11D3-BF4B-00C04F79EFBC}") = "TW.LiveMeet.RTSP", "TW.LiveMeet.RTSP\TW.LiveMeet.RTSP.csproj", "{DDB1C6CF-F133-48E6-94CE-E7D95CDED184}"
EndProject
Project("{FAE04EC0-301F-11D3-BF4B-00C04F79EFBC}") = "MockVideoStreamingClient", "MockVideoStreamingClient\MockVideoStreamingClient.csproj", "{0EE933C1-E847-4432-8017-B23F652EF90D}"
EndProject
Project("{FAE04EC0-301F-11D3-BF4B-00C04F79EFBC}") = "TW.WaveLib", "TW.WaveLib\TW.WaveLib.csproj", "{367D3450-88A3-4EE5-B359-23E43536680E}"
EndProject
Project("{FAE04EC0-301F-11D3-BF4B-00C04F79EFBC}") = "MockAudioStreamingClient", "MockAudioStreamingClient\MockAudioStreamingClient.csproj", "{3F4F86F6-B0ED-4803-A9DA-AD07BBCB02DD}"
EndProject
Project("{2150E333-8FDC-42A3-9474-1A3956D46DE8}") = "TcpMock", "TcpMock", "{EA43735F-4258-4213-B652-B7EE5624FDD5}"
EndProject
Project("{2150E333-8FDC-42A3-9474-1A3956D46DE8}") = "UdpMock", "UdpMock", "{C911D0CA-EE72-4B0C-8443-DE0048DF4054}"
EndProject
Project("{FAE04EC0-301F-11D3-BF4B-00C04F79EFBC}") = "UdpMockServer", "UdpMockServer\UdpMockServer.csproj", "{9775A3B1-9C37-46B9-8B85-CBC7482C994B}"
EndProject
Project("{FAE04EC0-301F-11D3-BF4B-00C04F79EFBC}") = "UdpMockClient", "UdpMockClient\UdpMockClient.csproj", "{7D474349-59DC-4F5C-BB64-BAFF5732CAAD}"
EndProject
Project("{FAE04EC0-301F-11D3-BF4B-00C04F79EFBC}") = "UdpMockPlayer", "ConsoleApplication1\UdpMockPlayer.csproj", "{34A15A9D-B710-4696-BA79-89914AF1AC81}"
EndProject
Global
	GlobalSection(SolutionConfigurationPlatforms) = preSolution
		Debug|Any CPU = Debug|Any CPU
		Release|Any CPU = Release|Any CPU
	EndGlobalSection
	GlobalSection(ProjectConfigurationPlatforms) = postSolution
		{571A15FD-725A-4649-9A5E-B37323E83F56}.Debug|Any CPU.ActiveCfg = Debug|Any CPU
		{571A15FD-725A-4649-9A5E-B37323E83F56}.Debug|Any CPU.Build.0 = Debug|Any CPU
		{571A15FD-725A-4649-9A5E-B37323E83F56}.Release|Any CPU.ActiveCfg = Release|Any CPU
		{571A15FD-725A-4649-9A5E-B37323E83F56}.Release|Any CPU.Build.0 = Release|Any CPU
		{2299B2B4-BCE7-4CB1-A131-5521EFE9D678}.Debug|Any CPU.ActiveCfg = Debug|Any CPU
		{2299B2B4-BCE7-4CB1-A131-5521EFE9D678}.Debug|Any CPU.Build.0 = Debug|Any CPU
		{2299B2B4-BCE7-4CB1-A131-5521EFE9D678}.Release|Any CPU.ActiveCfg = Release|Any CPU
		{2299B2B4-BCE7-4CB1-A131-5521EFE9D678}.Release|Any CPU.Build.0 = Release|Any CPU
		{B312942D-E46B-43B1-ABFD-211EF212FD58}.Debug|Any CPU.ActiveCfg = Debug|Any CPU
		{B312942D-E46B-43B1-ABFD-211EF212FD58}.Debug|Any CPU.Build.0 = Debug|Any CPU
		{B312942D-E46B-43B1-ABFD-211EF212FD58}.Release|Any CPU.ActiveCfg = Release|Any CPU
		{B312942D-E46B-43B1-ABFD-211EF212FD58}.Release|Any CPU.Build.0 = Release|Any CPU
		{A3E4D596-FB0F-4A5C-B125-065B7BF6CA6E}.Debug|Any CPU.ActiveCfg = Debug|Any CPU
		{A3E4D596-FB0F-4A5C-B125-065B7BF6CA6E}.Debug|Any CPU.Build.0 = Debug|Any CPU
		{A3E4D596-FB0F-4A5C-B125-065B7BF6CA6E}.Release|Any CPU.ActiveCfg = Release|Any CPU
		{A3E4D596-FB0F-4A5C-B125-065B7BF6CA6E}.Release|Any CPU.Build.0 = Release|Any CPU
		{90678E06-B7D1-4823-8B76-3CFC2057AAA5}.Debug|Any CPU.ActiveCfg = Debug|Any CPU
		{90678E06-B7D1-4823-8B76-3CFC2057AAA5}.Debug|Any CPU.Build.0 = Debug|Any CPU
		{90678E06-B7D1-4823-8B76-3CFC2057AAA5}.Release|Any CPU.ActiveCfg = Release|Any CPU
		{90678E06-B7D1-4823-8B76-3CFC2057AAA5}.Release|Any CPU.Build.0 = Release|Any CPU
		{FEE7BDD6-E1EF-4C8B-95E2-4EC9717ECD5F}.Debug|Any CPU.ActiveCfg = Debug|Any CPU
		{FEE7BDD6-E1EF-4C8B-95E2-4EC9717ECD5F}.Debug|Any CPU.Build.0 = Debug|Any CPU
		{FEE7BDD6-E1EF-4C8B-95E2-4EC9717ECD5F}.Release|Any CPU.ActiveCfg = Release|Any CPU
		{FEE7BDD6-E1EF-4C8B-95E2-4EC9717ECD5F}.Release|Any CPU.Build.0 = Release|Any CPU
		{A4720E51-1D9F-4CBF-9345-64C7174FAD08}.Debug|Any CPU.ActiveCfg = Debug|Any CPU
		{A4720E51-1D9F-4CBF-9345-64C7174FAD08}.Debug|Any CPU.Build.0 = Debug|Any CPU
		{A4720E51-1D9F-4CBF-9345-64C7174FAD08}.Release|Any CPU.ActiveCfg = Release|Any CPU
		{A4720E51-1D9F-4CBF-9345-64C7174FAD08}.Release|Any CPU.Build.0 = Release|Any CPU
		{8B65B1BB-18AE-4A64-AB99-CF43F690107F}.Debug|Any CPU.ActiveCfg = Debug|Any CPU
		{8B65B1BB-18AE-4A64-AB99-CF43F690107F}.Debug|Any CPU.Build.0 = Debug|Any CPU
		{8B65B1BB-18AE-4A64-AB99-CF43F690107F}.Release|Any CPU.ActiveCfg = Release|Any CPU
		{8B65B1BB-18AE-4A64-AB99-CF43F690107F}.Release|Any CPU.Build.0 = Release|Any CPU
		{5C9EA122-81C7-4584-A404-6EBF2C5CBDB8}.Debug|Any CPU.ActiveCfg = Debug|Any CPU
		{5C9EA122-81C7-4584-A404-6EBF2C5CBDB8}.Debug|Any CPU.Build.0 = Debug|Any CPU
		{5C9EA122-81C7-4584-A404-6EBF2C5CBDB8}.Release|Any CPU.ActiveCfg = Release|Any CPU
		{5C9EA122-81C7-4584-A404-6EBF2C5CBDB8}.Release|Any CPU.Build.0 = Release|Any CPU
		{AB2F7910-D918-470A-82CA-A3DF8AE0EE46}.Debug|Any CPU.ActiveCfg = Debug|Any CPU
		{AB2F7910-D918-470A-82CA-A3DF8AE0EE46}.Debug|Any CPU.Build.0 = Debug|Any CPU
		{AB2F7910-D918-470A-82CA-A3DF8AE0EE46}.Release|Any CPU.ActiveCfg = Release|Any CPU
		{AB2F7910-D918-470A-82CA-A3DF8AE0EE46}.Release|Any CPU.Build.0 = Release|Any CPU
		{993248D7-AFE5-4BC2-B260-30542BBBA621}.Debug|Any CPU.ActiveCfg = Debug|Any CPU
		{993248D7-AFE5-4BC2-B260-30542BBBA621}.Debug|Any CPU.Build.0 = Debug|Any CPU
		{993248D7-AFE5-4BC2-B260-30542BBBA621}.Release|Any CPU.ActiveCfg = Release|Any CPU
		{993248D7-AFE5-4BC2-B260-30542BBBA621}.Release|Any CPU.Build.0 = Release|Any CPU
		{BA9B1DEB-D800-4A4E-8A6B-906A37EC9101}.Debug|Any CPU.ActiveCfg = Debug|Any CPU
		{BA9B1DEB-D800-4A4E-8A6B-906A37EC9101}.Debug|Any CPU.Build.0 = Debug|Any CPU
		{BA9B1DEB-D800-4A4E-8A6B-906A37EC9101}.Release|Any CPU.ActiveCfg = Release|Any CPU
		{BA9B1DEB-D800-4A4E-8A6B-906A37EC9101}.Release|Any CPU.Build.0 = Release|Any CPU
		{48EA7B84-6E55-4DC2-8AA1-A5648719104E}.Debug|Any CPU.ActiveCfg = Debug|Any CPU
		{48EA7B84-6E55-4DC2-8AA1-A5648719104E}.Debug|Any CPU.Build.0 = Debug|Any CPU
		{48EA7B84-6E55-4DC2-8AA1-A5648719104E}.Release|Any CPU.ActiveCfg = Release|Any CPU
		{48EA7B84-6E55-4DC2-8AA1-A5648719104E}.Release|Any CPU.Build.0 = Release|Any CPU
		{A250CFDD-8E80-4340-844F-A3D6F1F0B002}.Debug|Any CPU.ActiveCfg = Debug|Any CPU
		{A250CFDD-8E80-4340-844F-A3D6F1F0B002}.Debug|Any CPU.Build.0 = Debug|Any CPU
		{A250CFDD-8E80-4340-844F-A3D6F1F0B002}.Release|Any CPU.ActiveCfg = Release|Any CPU
		{A250CFDD-8E80-4340-844F-A3D6F1F0B002}.Release|Any CPU.Build.0 = Release|Any CPU
		{1ACAAE6D-6B49-40A6-9584-A8EA03266932}.Debug|Any CPU.ActiveCfg = Debug|Any CPU
		{1ACAAE6D-6B49-40A6-9584-A8EA03266932}.Debug|Any CPU.Build.0 = Debug|Any CPU
		{1ACAAE6D-6B49-40A6-9584-A8EA03266932}.Release|Any CPU.ActiveCfg = Release|Any CPU
		{1ACAAE6D-6B49-40A6-9584-A8EA03266932}.Release|Any CPU.Build.0 = Release|Any CPU
		{83BBFA69-27F5-480E-A91B-A5814EEF0098}.Debug|Any CPU.ActiveCfg = Debug|Any CPU
		{83BBFA69-27F5-480E-A91B-A5814EEF0098}.Debug|Any CPU.Build.0 = Debug|Any CPU
		{83BBFA69-27F5-480E-A91B-A5814EEF0098}.Release|Any CPU.ActiveCfg = Release|Any CPU
		{83BBFA69-27F5-480E-A91B-A5814EEF0098}.Release|Any CPU.Build.0 = Release|Any CPU
		{5DC3DE05-FB3B-4263-9FF1-D08BC0104510}.Debug|Any CPU.ActiveCfg = Debug|Any CPU
		{5DC3DE05-FB3B-4263-9FF1-D08BC0104510}.Debug|Any CPU.Build.0 = Debug|Any CPU
		{5DC3DE05-FB3B-4263-9FF1-D08BC0104510}.Release|Any CPU.ActiveCfg = Release|Any CPU
		{5DC3DE05-FB3B-4263-9FF1-D08BC0104510}.Release|Any CPU.Build.0 = Release|Any CPU
		{74629650-C502-4736-AE71-8C8FEEE382C0}.Debug|Any CPU.ActiveCfg = Debug|Any CPU
		{74629650-C502-4736-AE71-8C8FEEE382C0}.Debug|Any CPU.Build.0 = Debug|Any CPU
		{74629650-C502-4736-AE71-8C8FEEE382C0}.Release|Any CPU.ActiveCfg = Release|Any CPU
		{74629650-C502-4736-AE71-8C8FEEE382C0}.Release|Any CPU.Build.0 = Release|Any CPU
		{112D4831-CEEC-493A-936F-196BDD35AA90}.Debug|Any CPU.ActiveCfg = Debug|Any CPU
		{112D4831-CEEC-493A-936F-196BDD35AA90}.Debug|Any CPU.Build.0 = Debug|Any CPU
		{112D4831-CEEC-493A-936F-196BDD35AA90}.Release|Any CPU.ActiveCfg = Release|Any CPU
		{112D4831-CEEC-493A-936F-196BDD35AA90}.Release|Any CPU.Build.0 = Release|Any CPU
		{F398FF7C-79C4-4E2D-BE3D-936A1C0ABD59}.Debug|Any CPU.ActiveCfg = Debug|Any CPU
		{F398FF7C-79C4-4E2D-BE3D-936A1C0ABD59}.Debug|Any CPU.Build.0 = Debug|Any CPU
		{F398FF7C-79C4-4E2D-BE3D-936A1C0ABD59}.Release|Any CPU.ActiveCfg = Release|Any CPU
		{F398FF7C-79C4-4E2D-BE3D-936A1C0ABD59}.Release|Any CPU.Build.0 = Release|Any CPU
		{3C5190C7-E1BF-446A-89E4-80908DEAFFCB}.Debug|Any CPU.ActiveCfg = Debug|Any CPU
		{3C5190C7-E1BF-446A-89E4-80908DEAFFCB}.Debug|Any CPU.Build.0 = Debug|Any CPU
		{3C5190C7-E1BF-446A-89E4-80908DEAFFCB}.Release|Any CPU.ActiveCfg = Release|Any CPU
		{3C5190C7-E1BF-446A-89E4-80908DEAFFCB}.Release|Any CPU.Build.0 = Release|Any CPU
		{DDB1C6CF-F133-48E6-94CE-E7D95CDED184}.Debug|Any CPU.ActiveCfg = Debug|Any CPU
		{DDB1C6CF-F133-48E6-94CE-E7D95CDED184}.Debug|Any CPU.Build.0 = Debug|Any CPU
		{DDB1C6CF-F133-48E6-94CE-E7D95CDED184}.Release|Any CPU.ActiveCfg = Release|Any CPU
		{DDB1C6CF-F133-48E6-94CE-E7D95CDED184}.Release|Any CPU.Build.0 = Release|Any CPU
		{0EE933C1-E847-4432-8017-B23F652EF90D}.Debug|Any CPU.ActiveCfg = Debug|Any CPU
		{0EE933C1-E847-4432-8017-B23F652EF90D}.Debug|Any CPU.Build.0 = Debug|Any CPU
		{0EE933C1-E847-4432-8017-B23F652EF90D}.Release|Any CPU.ActiveCfg = Release|Any CPU
		{0EE933C1-E847-4432-8017-B23F652EF90D}.Release|Any CPU.Build.0 = Release|Any CPU
		{367D3450-88A3-4EE5-B359-23E43536680E}.Debug|Any CPU.ActiveCfg = Debug|Any CPU
		{367D3450-88A3-4EE5-B359-23E43536680E}.Debug|Any CPU.Build.0 = Debug|Any CPU
		{367D3450-88A3-4EE5-B359-23E43536680E}.Release|Any CPU.ActiveCfg = Release|Any CPU
		{367D3450-88A3-4EE5-B359-23E43536680E}.Release|Any CPU.Build.0 = Release|Any CPU
		{3F4F86F6-B0ED-4803-A9DA-AD07BBCB02DD}.Debug|Any CPU.ActiveCfg = Debug|Any CPU
		{3F4F86F6-B0ED-4803-A9DA-AD07BBCB02DD}.Debug|Any CPU.Build.0 = Debug|Any CPU
		{3F4F86F6-B0ED-4803-A9DA-AD07BBCB02DD}.Release|Any CPU.ActiveCfg = Release|Any CPU
		{3F4F86F6-B0ED-4803-A9DA-AD07BBCB02DD}.Release|Any CPU.Build.0 = Release|Any CPU
		{9775A3B1-9C37-46B9-8B85-CBC7482C994B}.Debug|Any CPU.ActiveCfg = Debug|Any CPU
		{9775A3B1-9C37-46B9-8B85-CBC7482C994B}.Debug|Any CPU.Build.0 = Debug|Any CPU
		{9775A3B1-9C37-46B9-8B85-CBC7482C994B}.Release|Any CPU.ActiveCfg = Release|Any CPU
		{9775A3B1-9C37-46B9-8B85-CBC7482C994B}.Release|Any CPU.Build.0 = Release|Any CPU
		{7D474349-59DC-4F5C-BB64-BAFF5732CAAD}.Debug|Any CPU.ActiveCfg = Debug|Any CPU
		{7D474349-59DC-4F5C-BB64-BAFF5732CAAD}.Debug|Any CPU.Build.0 = Debug|Any CPU
		{7D474349-59DC-4F5C-BB64-BAFF5732CAAD}.Release|Any CPU.ActiveCfg = Release|Any CPU
		{7D474349-59DC-4F5C-BB64-BAFF5732CAAD}.Release|Any CPU.Build.0 = Release|Any CPU
		{34A15A9D-B710-4696-BA79-89914AF1AC81}.Debug|Any CPU.ActiveCfg = Debug|Any CPU
		{34A15A9D-B710-4696-BA79-89914AF1AC81}.Debug|Any CPU.Build.0 = Debug|Any CPU
		{34A15A9D-B710-4696-BA79-89914AF1AC81}.Release|Any CPU.ActiveCfg = Release|Any CPU
		{34A15A9D-B710-4696-BA79-89914AF1AC81}.Release|Any CPU.Build.0 = Release|Any CPU
	EndGlobalSection
	GlobalSection(SolutionProperties) = preSolution
		HideSolutionNode = FALSE
	EndGlobalSection
	GlobalSection(NestedProjects) = preSolution
		{571A15FD-725A-4649-9A5E-B37323E83F56} = {5C4B945D-49AE-4EED-BF37-9D82FD531BBE}
		{2299B2B4-BCE7-4CB1-A131-5521EFE9D678} = {5C4B945D-49AE-4EED-BF37-9D82FD531BBE}
		{5C9EA122-81C7-4584-A404-6EBF2C5CBDB8} = {344896EA-DDA7-4B2F-B69B-C7536E890481}
		{AB2F7910-D918-470A-82CA-A3DF8AE0EE46} = {344896EA-DDA7-4B2F-B69B-C7536E890481}
		{48EA7B84-6E55-4DC2-8AA1-A5648719104E} = {344896EA-DDA7-4B2F-B69B-C7536E890481}
		{F398FF7C-79C4-4E2D-BE3D-936A1C0ABD59} = {344896EA-DDA7-4B2F-B69B-C7536E890481}
		{DDB1C6CF-F133-48E6-94CE-E7D95CDED184} = {344896EA-DDA7-4B2F-B69B-C7536E890481}
		{A250CFDD-8E80-4340-844F-A3D6F1F0B002} = {4D075853-AE4F-4685-8C8C-50A22F3E8932}
		{1ACAAE6D-6B49-40A6-9584-A8EA03266932} = {4D075853-AE4F-4685-8C8C-50A22F3E8932}
		{83BBFA69-27F5-480E-A91B-A5814EEF0098} = {4D075853-AE4F-4685-8C8C-50A22F3E8932}
		{EA43735F-4258-4213-B652-B7EE5624FDD5} = {4D075853-AE4F-4685-8C8C-50A22F3E8932}
		{112D4831-CEEC-493A-936F-196BDD35AA90} = {4D075853-AE4F-4685-8C8C-50A22F3E8932}
		{C911D0CA-EE72-4B0C-8443-DE0048DF4054} = {4D075853-AE4F-4685-8C8C-50A22F3E8932}
		{74629650-C502-4736-AE71-8C8FEEE382C0} = {EA43735F-4258-4213-B652-B7EE5624FDD5}
		{3C5190C7-E1BF-446A-89E4-80908DEAFFCB} = {EA43735F-4258-4213-B652-B7EE5624FDD5}
		{0EE933C1-E847-4432-8017-B23F652EF90D} = {EA43735F-4258-4213-B652-B7EE5624FDD5}
		{3F4F86F6-B0ED-4803-A9DA-AD07BBCB02DD} = {EA43735F-4258-4213-B652-B7EE5624FDD5}
		{5DC3DE05-FB3B-4263-9FF1-D08BC0104510} = {EA43735F-4258-4213-B652-B7EE5624FDD5}
		{9775A3B1-9C37-46B9-8B85-CBC7482C994B} = {C911D0CA-EE72-4B0C-8443-DE0048DF4054}
		{7D474349-59DC-4F5C-BB64-BAFF5732CAAD} = {C911D0CA-EE72-4B0C-8443-DE0048DF4054}
		{34A15A9D-B710-4696-BA79-89914AF1AC81} = {C911D0CA-EE72-4B0C-8443-DE0048DF4054}
	EndGlobalSection
EndGlobal
